{
	"name": "translate-lib",
	"version": "1.0.0",
	"lockfileVersion": 3,
	"requires": true,
	"packages": {
		"": {
			"name": "translate-lib",
			"version": "1.0.0",
			"license": "ISC",
			"dependencies": {
				"translate-lib": "github:SubmarinesG4/Submarines-lib"
			}
		},
		"node_modules/translate-lib": {
			"version": "1.0.0",
			"resolved": "git+ssh://git@github.com/SubmarinesG4/Submarines-lib.git#85467ad00d3df9a63734c2e70d1adad4ad3c79ef",
			"license": "ISC"
		}
	}
}
